
Microsoft Visual Studio Solution File, Format Version 12.00
# Visual Studio Version 16
VisualStudioVersion = 16.0.31702.278
MinimumVisualStudioVersion = 10.0.40219.1
Project("{FAE04EC0-301F-11D3-BF4B-00C04F79EFBC}") = "ToDo", "ToDo\ToDo.csproj", "{9AFE56D2-1297-42D9-BBBC-DB15ACA4FE1F}"
EndProject
Global
	GlobalSection(SolutionConfigurationPlatforms) = preSolution
		Debug|Any CPU = Debug|Any CPU
		Release|Any CPU = Release|Any CPU
	EndGlobalSection
	GlobalSection(ProjectConfigurationPlatforms) = postSolution
		{9AFE56D2-1297-42D9-BBBC-DB15ACA4FE1F}.Debug|Any CPU.ActiveCfg = Debug|Any CPU
		{9AFE56D2-1297-42D9-BBBC-DB15ACA4FE1F}.Debug|Any CPU.Build.0 = Debug|Any CPU
		{9AFE56D2-1297-42D9-BBBC-DB15ACA4FE1F}.Release|Any CPU.ActiveCfg = Release|Any CPU
		{9AFE56D2-1297-42D9-BBBC-DB15ACA4FE1F}.Release|Any CPU.Build.0 = Release|Any CPU
	EndGlobalSection
	GlobalSection(SolutionProperties) = preSolution
		HideSolutionNode = FALSE
	EndGlobalSection
	GlobalSection(ExtensibilityGlobals) = postSolution
		SolutionGuid = {27F9E0F6-442D-411D-A1C3-EBA9D8501BDA}
	EndGlobalSection
EndGlobal
